
Microsoft Visual Studio Solution File, Format Version 12.00
# Visual Studio 15
VisualStudioVersion = 15.0.26730.12
MinimumVisualStudioVersion = 10.0.40219.1
Project("{FAE04EC0-301F-11D3-BF4B-00C04F79EFBC}") = "Class01Demo", "Class01Demo\Class01Demo.csproj", "{967A8221-189E-41E3-B46B-491483B52ACE}"
EndProject
Global
	GlobalSection(SolutionConfigurationPlatforms) = preSolution
		Debug|Any CPU = Debug|Any CPU
		Release|Any CPU = Release|Any CPU
	EndGlobalSection
	GlobalSection(ProjectConfigurationPlatforms) = postSolution
		{967A8221-189E-41E3-B46B-491483B52ACE}.Debug|Any CPU.ActiveCfg = Debug|Any CPU
		{967A8221-189E-41E3-B46B-491483B52ACE}.Debug|Any CPU.Build.0 = Debug|Any CPU
		{967A8221-189E-41E3-B46B-491483B52ACE}.Release|Any CPU.ActiveCfg = Release|Any CPU
		{967A8221-189E-41E3-B46B-491483B52ACE}.Release|Any CPU.Build.0 = Release|Any CPU
	EndGlobalSection
	GlobalSection(SolutionProperties) = preSolution
		HideSolutionNode = FALSE
	EndGlobalSection
	GlobalSection(ExtensibilityGlobals) = postSolution
		SolutionGuid = {E562705C-9BCF-49F9-A70F-0EE6BB74C98E}
	EndGlobalSection
EndGlobal
